<?xml version="1.0" encoding="utf-8"?>
<Project ToolsVersion="4.0" xmlns="http://schemas.microsoft.com/developer/msbuild/2003">
  <ItemGroup>
    <Filter Include="리소스 파일">
      <UniqueIdentifier>{67DA6AB6-F800-4c08-8B7A-83BB121AAD01}</UniqueIdentifier>
      <Extensions>rc;ico;cur;bmp;dlg;rc2;rct;bin;rgs;gif;jpg;jpeg;jpe;resx;tiff;tif;png;wav;mfcribbon-ms</Extensions>
    </Filter>
    <Filter Include="ChattingServer">
      <UniqueIdentifier>{882e17d8-7064-4855-b22d-c2d9cd52d160}</UniqueIdentifier>
    </Filter>
    <Filter Include="NetLib">
      <UniqueIdentifier>{1e646f21-cfff-4bcc-8e14-8ca1ff3bae1a}</UniqueIdentifier>
    </Filter>
    <Filter Include="ChattingServer\Main">
      <UniqueIdentifier>{be5c028b-3ff5-4975-a794-c7dfbe4acdf7}</UniqueIdentifier>
    </Filter>
    <Filter Include="NetLib\LanServer">
      <UniqueIdentifier>{d6bafcba-f404-4eeb-9511-33559cf875f6}</UniqueIdentifier>
    </Filter>
    <Filter Include="NetLib\NetServer">
      <UniqueIdentifier>{f0e89554-8fd4-45c7-a5af-2ae3ad08af41}</UniqueIdentifier>
    </Filter>
    <Filter Include="NetLib\Session">
      <UniqueIdentifier>{653cd73e-c1b0-469f-bdf3-a8824a83d367}</UniqueIdentifier>
    </Filter>
    <Filter Include="NetLib\Utils">
      <UniqueIdentifier>{5964aedb-e406-4e62-8cfa-85957b978264}</UniqueIdentifier>
    </Filter>
    <Filter Include="ChattingServer\DebugTool">
      <UniqueIdentifier>{a57f94ac-3a50-4d97-81b7-83b60f69934a}</UniqueIdentifier>
    </Filter>
    <Filter Include="ChattingServer\Object">
      <UniqueIdentifier>{b7fb4350-76d3-40eb-b5e3-d9cc023931c2}</UniqueIdentifier>
    </Filter>
    <Filter Include="ChattingServer\Server">
      <UniqueIdentifier>{fe376647-d573-4347-b1ec-8c8b6e67e11d}</UniqueIdentifier>
    </Filter>
    <Filter Include="NetLib\Packet">
      <UniqueIdentifier>{27a080dd-522d-4d48-864b-862f87f5518e}</UniqueIdentifier>
    </Filter>
    <Filter Include="ChattingServer\Utils">
      <UniqueIdentifier>{521a4d14-a205-494e-b609-e402ee86e924}</UniqueIdentifier>
    </Filter>
  </ItemGroup>
  <ItemGroup>
    <ClCompile Include="Main.cpp">
      <Filter>ChattingServer\Main</Filter>
    </ClCompile>
    <ClCompile Include="CChattingServer.cpp">
      <Filter>ChattingServer\Server</Filter>
    </ClCompile>
    <ClCompile Include="CSystemLog.cpp">
      <Filter>ChattingServer\DebugTool</Filter>
    </ClCompile>
    <ClCompile Include="CLanServer.cpp">
      <Filter>NetLib\LanServer</Filter>
    </ClCompile>
    <ClCompile Include="CNetServer.cpp">
      <Filter>NetLib\NetServer</Filter>
    </ClCompile>
    <ClCompile Include="CRingBuffer.cpp">
      <Filter>NetLib\Utils</Filter>
    </ClCompile>
    <ClCompile Include="CPacket.cpp">
      <Filter>NetLib\Packet</Filter>
    </ClCompile>
  </ItemGroup>
  <ItemGroup>
    <ClInclude Include="Config.h">
      <Filter>NetLib</Filter>
    </ClInclude>
    <ClInclude Include="ErrorCode.h">
      <Filter>NetLib</Filter>
    </ClInclude>
    <ClInclude Include="CPlayer.h">
      <Filter>ChattingServer\Object</Filter>
    </ClInclude>
    <ClInclude Include="CSector.h">
      <Filter>ChattingServer\Object</Filter>
    </ClInclude>
    <ClInclude Include="CChattingServer.h">
      <Filter>ChattingServer\Server</Filter>
    </ClInclude>
    <ClInclude Include="CCrashDump.h">
      <Filter>ChattingServer\DebugTool</Filter>
    </ClInclude>
    <ClInclude Include="CSystemLog.h">
      <Filter>ChattingServer\DebugTool</Filter>
    </ClInclude>
    <ClInclude Include="CLanServer.h">
      <Filter>NetLib\LanServer</Filter>
    </ClInclude>
    <ClInclude Include="CNetServer.h">
      <Filter>NetLib\NetServer</Filter>
    </ClInclude>
    <ClInclude Include="CSession.h">
      <Filter>NetLib\Session</Filter>
    </ClInclude>
    <ClInclude Include="CRingBuffer.h">
      <Filter>NetLib\Utils</Filter>
    </ClInclude>
    <ClInclude Include="CLockFreePool.h">
      <Filter>NetLib\Utils</Filter>
    </ClInclude>
    <ClInclude Include="CLockFreeQueue.h">
      <Filter>NetLib\Utils</Filter>
    </ClInclude>
    <ClInclude Include="Protocol.h">
      <Filter>ChattingServer</Filter>
    </ClInclude>
    <ClInclude Include="CPacket.h">
      <Filter>NetLib\Packet</Filter>
    </ClInclude>
    <ClInclude Include="CJob.h">
      <Filter>ChattingServer\Utils</Filter>
    </ClInclude>
    <ClInclude Include="CObjectPool.h">
      <Filter>ChattingServer\Utils</Filter>
    </ClInclude>
  </ItemGroup>
</Project>