
Microsoft Visual Studio Solution File, Format Version 12.00
# Visual Studio Version 17
VisualStudioVersion = 17.4.33213.308
MinimumVisualStudioVersion = 10.0.40219.1
Project("{8BC9CEB8-8B4A-11D0-8D11-00A0C91BC942}") = "30_PathFindingTool", "30_PathFindingTool\30_PathFindingTool.vcxproj", "{174AB3A3-F84B-49D5-807F-0FF754DBEE7C}"
EndProject
Global
	GlobalSection(SolutionConfigurationPlatforms) = preSolution
		Debug|x64 = Debug|x64
		Debug|x86 = Debug|x86
		Release|x64 = Release|x64
		Release|x86 = Release|x86
	EndGlobalSection
	GlobalSection(ProjectConfigurationPlatforms) = postSolution
		{174AB3A3-F84B-49D5-807F-0FF754DBEE7C}.Debug|x64.ActiveCfg = Debug|x64
		{174AB3A3-F84B-49D5-807F-0FF754DBEE7C}.Debug|x64.Build.0 = Debug|x64
		{174AB3A3-F84B-49D5-807F-0FF754DBEE7C}.Debug|x86.ActiveCfg = Debug|Win32
		{174AB3A3-F84B-49D5-807F-0FF754DBEE7C}.Debug|x86.Build.0 = Debug|Win32
		{174AB3A3-F84B-49D5-807F-0FF754DBEE7C}.Release|x64.ActiveCfg = Release|x64
		{174AB3A3-F84B-49D5-807F-0FF754DBEE7C}.Release|x64.Build.0 = Release|x64
		{174AB3A3-F84B-49D5-807F-0FF754DBEE7C}.Release|x86.ActiveCfg = Release|Win32
		{174AB3A3-F84B-49D5-807F-0FF754DBEE7C}.Release|x86.Build.0 = Release|Win32
	EndGlobalSection
	GlobalSection(SolutionProperties) = preSolution
		HideSolutionNode = FALSE
	EndGlobalSection
	GlobalSection(ExtensibilityGlobals) = postSolution
		SolutionGuid = {55F48409-12C4-40A0-BAC6-6AD8DC2E263B}
	EndGlobalSection
EndGlobal
