<?xml version="1.0" encoding="utf-8"?>
<Project ToolsVersion="4.0" xmlns="http://schemas.microsoft.com/developer/msbuild/2003">
  <ItemGroup>
    <Filter Include="리소스 파일">
      <UniqueIdentifier>{67DA6AB6-F800-4c08-8B7A-83BB121AAD01}</UniqueIdentifier>
      <Extensions>rc;ico;cur;bmp;dlg;rc2;rct;bin;rgs;gif;jpg;jpeg;jpe;resx;tiff;tif;png;wav;mfcribbon-ms</Extensions>
    </Filter>
    <Filter Include="Main">
      <UniqueIdentifier>{f29dd185-bb45-49c5-b3be-fd98946b734c}</UniqueIdentifier>
    </Filter>
    <Filter Include="Server">
      <UniqueIdentifier>{76a41945-ad61-4a60-9f5c-d7ad14748e04}</UniqueIdentifier>
    </Filter>
    <Filter Include="Utils">
      <UniqueIdentifier>{4a8ec52b-ccf5-4418-b435-2dd4a2ec3894}</UniqueIdentifier>
    </Filter>
    <Filter Include="Etc">
      <UniqueIdentifier>{f108be00-be7f-41de-9f7e-587ebf3ff3cd}</UniqueIdentifier>
    </Filter>
  </ItemGroup>
  <ItemGroup>
    <ClCompile Include="Main.cpp">
      <Filter>Main</Filter>
    </ClCompile>
    <ClCompile Include="Server.cpp">
      <Filter>Server</Filter>
    </ClCompile>
    <ClCompile Include="RingBuffer.cpp">
      <Filter>Utils</Filter>
    </ClCompile>
    <ClCompile Include="SerializePacket.cpp">
      <Filter>Utils</Filter>
    </ClCompile>
    <ClCompile Include="Profiler.cpp">
      <Filter>Etc</Filter>
    </ClCompile>
    <ClCompile Include="SystemLog.cpp">
      <Filter>Etc</Filter>
    </ClCompile>
    <ClCompile Include="ObjectPool.cpp">
      <Filter>Utils</Filter>
    </ClCompile>
  </ItemGroup>
  <ItemGroup>
    <ClInclude Include="Main.h">
      <Filter>Main</Filter>
    </ClInclude>
    <ClInclude Include="Server.h">
      <Filter>Server</Filter>
    </ClInclude>
    <ClInclude Include="RingBuffer.h">
      <Filter>Utils</Filter>
    </ClInclude>
    <ClInclude Include="SerializePacket.h">
      <Filter>Utils</Filter>
    </ClInclude>
    <ClInclude Include="ObjectPool.h">
      <Filter>Utils</Filter>
    </ClInclude>
    <ClInclude Include="Profiler.h">
      <Filter>Etc</Filter>
    </ClInclude>
    <ClInclude Include="SystemLog.h">
      <Filter>Etc</Filter>
    </ClInclude>
    <ClInclude Include="Protocol.h">
      <Filter>Main</Filter>
    </ClInclude>
  </ItemGroup>
</Project>