<?xml version="1.0" encoding="utf-8"?>
<Project ToolsVersion="4.0" xmlns="http://schemas.microsoft.com/developer/msbuild/2003">
  <ItemGroup>
    <Filter Include="Main">
      <UniqueIdentifier>{2c69b290-de17-430e-99db-8ec0b6376093}</UniqueIdentifier>
    </Filter>
    <Filter Include="Utils">
      <UniqueIdentifier>{4c8523c4-6fb9-4ceb-8308-7512d0283a3e}</UniqueIdentifier>
    </Filter>
    <Filter Include="Contents">
      <UniqueIdentifier>{c48d28b6-c233-4629-b556-e0a85f2f5ba2}</UniqueIdentifier>
    </Filter>
    <Filter Include="Contents\Object">
      <UniqueIdentifier>{96f62106-d58e-4891-babb-259eee8a867a}</UniqueIdentifier>
    </Filter>
    <Filter Include="Contents\Scene">
      <UniqueIdentifier>{206c3be7-479a-478f-ab76-390529eef01b}</UniqueIdentifier>
    </Filter>
    <Filter Include="Utils\Scene">
      <UniqueIdentifier>{a87b774a-1465-4d26-9001-0dac5151e48a}</UniqueIdentifier>
    </Filter>
    <Filter Include="Utils\Object">
      <UniqueIdentifier>{f27d8aa1-cd25-443c-ad27-666bc37fc863}</UniqueIdentifier>
    </Filter>
    <Filter Include="Utils\Render">
      <UniqueIdentifier>{aece5cbe-91e3-416a-9c0d-a47c9cd0b678}</UniqueIdentifier>
    </Filter>
    <Filter Include="Utils\DataStruct">
      <UniqueIdentifier>{fa9b74df-9baf-4162-bb59-5b4bf4f06264}</UniqueIdentifier>
    </Filter>
  </ItemGroup>
  <ItemGroup>
    <ClCompile Include="BulletObject.cpp">
      <Filter>Contents\Object</Filter>
    </ClCompile>
    <ClCompile Include="EnemyObject.cpp">
      <Filter>Contents\Object</Filter>
    </ClCompile>
    <ClCompile Include="PlayerObject.cpp">
      <Filter>Contents\Object</Filter>
    </ClCompile>
    <ClCompile Include="SceneClear.cpp">
      <Filter>Contents\Scene</Filter>
    </ClCompile>
    <ClCompile Include="SceneGame.cpp">
      <Filter>Contents\Scene</Filter>
    </ClCompile>
    <ClCompile Include="SceneLoad.cpp">
      <Filter>Contents\Scene</Filter>
    </ClCompile>
    <ClCompile Include="SceneOver.cpp">
      <Filter>Contents\Scene</Filter>
    </ClCompile>
    <ClCompile Include="SceneTitle.cpp">
      <Filter>Contents\Scene</Filter>
    </ClCompile>
    <ClCompile Include="SceneManager.cpp">
      <Filter>Utils\Scene</Filter>
    </ClCompile>
    <ClCompile Include="BaseObject.cpp">
      <Filter>Utils\Object</Filter>
    </ClCompile>
    <ClCompile Include="ObjectManager.cpp">
      <Filter>Utils\Object</Filter>
    </ClCompile>
    <ClCompile Include="ScreenBuffer.cpp">
      <Filter>Utils\Render</Filter>
    </ClCompile>
    <ClCompile Include="List.cpp">
      <Filter>Utils\DataStruct</Filter>
    </ClCompile>
    <ClCompile Include="GraphicObject.cpp">
      <Filter>Contents\Object</Filter>
    </ClCompile>
    <ClCompile Include="Main.cpp">
      <Filter>Main</Filter>
    </ClCompile>
  </ItemGroup>
  <ItemGroup>
    <ClInclude Include="BulletObject.h">
      <Filter>Contents\Object</Filter>
    </ClInclude>
    <ClInclude Include="EnemyObject.h">
      <Filter>Contents\Object</Filter>
    </ClInclude>
    <ClInclude Include="PlayerObject.h">
      <Filter>Contents\Object</Filter>
    </ClInclude>
    <ClInclude Include="SceneClear.h">
      <Filter>Contents\Scene</Filter>
    </ClInclude>
    <ClInclude Include="SceneGame.h">
      <Filter>Contents\Scene</Filter>
    </ClInclude>
    <ClInclude Include="SceneLoad.h">
      <Filter>Contents\Scene</Filter>
    </ClInclude>
    <ClInclude Include="SceneOver.h">
      <Filter>Contents\Scene</Filter>
    </ClInclude>
    <ClInclude Include="SceneTitle.h">
      <Filter>Contents\Scene</Filter>
    </ClInclude>
    <ClInclude Include="SceneManager.h">
      <Filter>Utils\Scene</Filter>
    </ClInclude>
    <ClInclude Include="SceneBase.h">
      <Filter>Utils\Scene</Filter>
    </ClInclude>
    <ClInclude Include="BaseObject.h">
      <Filter>Utils\Object</Filter>
    </ClInclude>
    <ClInclude Include="ObjectManager.h">
      <Filter>Utils\Object</Filter>
    </ClInclude>
    <ClInclude Include="ScreenBuffer.h">
      <Filter>Utils\Render</Filter>
    </ClInclude>
    <ClInclude Include="GraphicObject.h">
      <Filter>Contents\Object</Filter>
    </ClInclude>
  </ItemGroup>
</Project>