<?xml version="1.0" encoding="utf-8"?>
<Project ToolsVersion="4.0" xmlns="http://schemas.microsoft.com/developer/msbuild/2003">
  <ItemGroup>
    <Filter Include="리소스 파일">
      <UniqueIdentifier>{67DA6AB6-F800-4c08-8B7A-83BB121AAD01}</UniqueIdentifier>
      <Extensions>rc;ico;cur;bmp;dlg;rc2;rct;bin;rgs;gif;jpg;jpeg;jpe;resx;tiff;tif;png;wav;mfcribbon-ms</Extensions>
    </Filter>
    <Filter Include="Main">
      <UniqueIdentifier>{978ad8cf-b76d-4646-b095-dfa59594eec1}</UniqueIdentifier>
    </Filter>
    <Filter Include="LockFreePool">
      <UniqueIdentifier>{97118730-83a7-4186-8540-29c23aa3a019}</UniqueIdentifier>
    </Filter>
    <Filter Include="LockFreeQueue">
      <UniqueIdentifier>{b12b36be-fded-40a7-abc8-d8c5bc7eb3d9}</UniqueIdentifier>
    </Filter>
    <Filter Include="LockFreeQueueTester">
      <UniqueIdentifier>{f8579f63-2ce3-42d9-a5a0-7aad087e5328}</UniqueIdentifier>
    </Filter>
  </ItemGroup>
  <ItemGroup>
    <ClCompile Include="Main.cpp">
      <Filter>Main</Filter>
    </ClCompile>
  </ItemGroup>
  <ItemGroup>
    <ClInclude Include="LockFreeQueue.h">
      <Filter>LockFreeQueue</Filter>
    </ClInclude>
    <ClInclude Include="LockFreePool.h">
      <Filter>LockFreePool</Filter>
    </ClInclude>
    <ClInclude Include="LockFreeQueueTester.h">
      <Filter>LockFreeQueue</Filter>
    </ClInclude>
    <ClInclude Include="TestData.h">
      <Filter>LockFreeQueue</Filter>
    </ClInclude>
  </ItemGroup>
</Project>