<?xml version="1.0" encoding="utf-8"?>
<Project ToolsVersion="4.0" xmlns="http://schemas.microsoft.com/developer/msbuild/2003">
  <ItemGroup>
    <Filter Include="리소스 파일">
      <UniqueIdentifier>{67DA6AB6-F800-4c08-8B7A-83BB121AAD01}</UniqueIdentifier>
      <Extensions>rc;ico;cur;bmp;dlg;rc2;rct;bin;rgs;gif;jpg;jpeg;jpe;resx;tiff;tif;png;wav;mfcribbon-ms</Extensions>
    </Filter>
    <Filter Include="Main">
      <UniqueIdentifier>{4648a7ae-54b1-46b2-a24e-c3f02f6eedeb}</UniqueIdentifier>
    </Filter>
    <Filter Include="Pool">
      <UniqueIdentifier>{2505e50b-7d0d-4218-882f-0ebc9f3f5f3a}</UniqueIdentifier>
    </Filter>
    <Filter Include="PoolTest">
      <UniqueIdentifier>{0bbee648-eb39-470b-a599-63f9d569e28a}</UniqueIdentifier>
    </Filter>
  </ItemGroup>
  <ItemGroup>
    <ClCompile Include="Main.cpp">
      <Filter>Main</Filter>
    </ClCompile>
    <ClCompile Include="PoolTest.cpp">
      <Filter>PoolTest</Filter>
    </ClCompile>
  </ItemGroup>
  <ItemGroup>
    <ClInclude Include="CTlsObjectPool.h">
      <Filter>Pool</Filter>
    </ClInclude>
    <ClInclude Include="CTlsPool.h">
      <Filter>Pool</Filter>
    </ClInclude>
    <ClInclude Include="PoolTest.h">
      <Filter>PoolTest</Filter>
    </ClInclude>
  </ItemGroup>
</Project>