<?xml version="1.0" encoding="utf-8"?>
<Project ToolsVersion="4.0" xmlns="http://schemas.microsoft.com/developer/msbuild/2003">
  <ItemGroup>
    <Filter Include="소스 파일">
      <UniqueIdentifier>{4FC737F1-C7A5-4376-A066-2A32D752A2FF}</UniqueIdentifier>
      <Extensions>cpp;c;cc;cxx;c++;cppm;ixx;def;odl;idl;hpj;bat;asm;asmx</Extensions>
    </Filter>
    <Filter Include="리소스 파일">
      <UniqueIdentifier>{67DA6AB6-F800-4c08-8B7A-83BB121AAD01}</UniqueIdentifier>
      <Extensions>rc;ico;cur;bmp;dlg;rc2;rct;bin;rgs;gif;jpg;jpeg;jpe;resx;tiff;tif;png;wav;mfcribbon-ms</Extensions>
    </Filter>
    <Filter Include="Main">
      <UniqueIdentifier>{877e35c3-108c-46ee-b632-389d4b134812}</UniqueIdentifier>
    </Filter>
    <Filter Include="Tree">
      <UniqueIdentifier>{519a2123-5ea9-41b5-88f8-5d1a3c900211}</UniqueIdentifier>
    </Filter>
    <Filter Include="UtilsForWindow">
      <UniqueIdentifier>{c0ab9ef5-46eb-4788-b76d-b8dcde8661f8}</UniqueIdentifier>
    </Filter>
    <Filter Include="TreeTester">
      <UniqueIdentifier>{3545f41e-2bf7-4142-a351-1a3d4ca6ce42}</UniqueIdentifier>
    </Filter>
    <Filter Include="Profiler">
      <UniqueIdentifier>{522e4746-593a-4ebf-8594-ce1f67739d3a}</UniqueIdentifier>
    </Filter>
  </ItemGroup>
  <ItemGroup>
    <ClInclude Include="framework.h">
      <Filter>UtilsForWindow</Filter>
    </ClInclude>
    <ClInclude Include="Resource.h">
      <Filter>UtilsForWindow</Filter>
    </ClInclude>
    <ClInclude Include="targetver.h">
      <Filter>UtilsForWindow</Filter>
    </ClInclude>
    <ClInclude Include="Main.h">
      <Filter>Main</Filter>
    </ClInclude>
    <ClInclude Include="RedBlackTree.h">
      <Filter>Tree</Filter>
    </ClInclude>
    <ClInclude Include="BinaryTree.h">
      <Filter>Tree</Filter>
    </ClInclude>
    <ClInclude Include="TreeTester.h">
      <Filter>TreeTester</Filter>
    </ClInclude>
    <ClInclude Include="TreeSetting.h">
      <Filter>Tree</Filter>
    </ClInclude>
    <ClInclude Include="Profiler.h">
      <Filter>Profiler</Filter>
    </ClInclude>
  </ItemGroup>
  <ItemGroup>
    <ResourceCompile Include="29_VisualizeRedBlackTree.rc">
      <Filter>리소스 파일</Filter>
    </ResourceCompile>
  </ItemGroup>
  <ItemGroup>
    <Image Include="small.ico">
      <Filter>리소스 파일</Filter>
    </Image>
    <Image Include="29_VisualizeRedBlackTree.ico">
      <Filter>리소스 파일</Filter>
    </Image>
  </ItemGroup>
  <ItemGroup>
    <ClCompile Include="Main.cpp">
      <Filter>Main</Filter>
    </ClCompile>
    <ClCompile Include="TreeTester.cpp">
      <Filter>TreeTester</Filter>
    </ClCompile>
    <ClCompile Include="Profiler.cpp">
      <Filter>Profiler</Filter>
    </ClCompile>
  </ItemGroup>
</Project>