<?xml version="1.0" encoding="utf-8"?>
<Project ToolsVersion="4.0" xmlns="http://schemas.microsoft.com/developer/msbuild/2003">
  <ItemGroup>
    <Filter Include="리소스 파일">
      <UniqueIdentifier>{67DA6AB6-F800-4c08-8B7A-83BB121AAD01}</UniqueIdentifier>
      <Extensions>rc;ico;cur;bmp;dlg;rc2;rct;bin;rgs;gif;jpg;jpeg;jpe;resx;tiff;tif;png;wav;mfcribbon-ms</Extensions>
    </Filter>
    <Filter Include="Main">
      <UniqueIdentifier>{4270a532-f9a1-4a4c-8647-e174473725bf}</UniqueIdentifier>
    </Filter>
    <Filter Include="StackTest">
      <UniqueIdentifier>{0550c4af-fbc1-472d-9ad2-6e171a83f701}</UniqueIdentifier>
    </Filter>
  </ItemGroup>
  <ItemGroup>
    <ClInclude Include="Test.h">
      <Filter>StackTest</Filter>
    </ClInclude>
    <ClInclude Include="CBasicStack.h">
      <Filter>StackTest</Filter>
    </ClInclude>
    <ClInclude Include="CLockFreeStack.h">
      <Filter>StackTest</Filter>
    </ClInclude>
    <ClInclude Include="CTlsPool.h">
      <Filter>StackTest</Filter>
    </ClInclude>
  </ItemGroup>
  <ItemGroup>
    <ClCompile Include="Main.cpp">
      <Filter>Main</Filter>
    </ClCompile>
  </ItemGroup>
</Project>