<?xml version="1.0" encoding="utf-8"?>
<Project ToolsVersion="4.0" xmlns="http://schemas.microsoft.com/developer/msbuild/2003">
  <ItemGroup>
    <Filter Include="리소스 파일">
      <UniqueIdentifier>{67DA6AB6-F800-4c08-8B7A-83BB121AAD01}</UniqueIdentifier>
      <Extensions>rc;ico;cur;bmp;dlg;rc2;rct;bin;rgs;gif;jpg;jpeg;jpe;resx;tiff;tif;png;wav;mfcribbon-ms</Extensions>
    </Filter>
    <Filter Include="Main">
      <UniqueIdentifier>{d7091951-b12e-43ed-9302-6097993f9c85}</UniqueIdentifier>
    </Filter>
    <Filter Include="NetworkUtils">
      <UniqueIdentifier>{c7e076b6-4255-4cc3-beae-b082aa17c0fa}</UniqueIdentifier>
    </Filter>
  </ItemGroup>
  <ItemGroup>
    <ClCompile Include="ClientMain.cpp">
      <Filter>Main</Filter>
    </ClCompile>
    <ClCompile Include="RingBuffer.cpp">
      <Filter>NetworkUtils</Filter>
    </ClCompile>
  </ItemGroup>
  <ItemGroup>
    <ClInclude Include="RingBuffer.h">
      <Filter>NetworkUtils</Filter>
    </ClInclude>
  </ItemGroup>
</Project>