
Microsoft Visual Studio Solution File, Format Version 12.00
# Visual Studio Version 17
VisualStudioVersion = 17.4.33213.308
MinimumVisualStudioVersion = 10.0.40219.1
Project("{8BC9CEB8-8B4A-11D0-8D11-00A0C91BC942}") = "Assignment07_Packing", "Assignment07_Packing\Assignment07_Packing.vcxproj", "{314CDCA6-4E65-4D7C-8EC9-9F2FFC14ACFA}"
EndProject
Global
	GlobalSection(SolutionConfigurationPlatforms) = preSolution
		Debug|x64 = Debug|x64
		Debug|x86 = Debug|x86
		Release|x64 = Release|x64
		Release|x86 = Release|x86
	EndGlobalSection
	GlobalSection(ProjectConfigurationPlatforms) = postSolution
		{314CDCA6-4E65-4D7C-8EC9-9F2FFC14ACFA}.Debug|x64.ActiveCfg = Debug|x64
		{314CDCA6-4E65-4D7C-8EC9-9F2FFC14ACFA}.Debug|x64.Build.0 = Debug|x64
		{314CDCA6-4E65-4D7C-8EC9-9F2FFC14ACFA}.Debug|x86.ActiveCfg = Debug|Win32
		{314CDCA6-4E65-4D7C-8EC9-9F2FFC14ACFA}.Debug|x86.Build.0 = Debug|Win32
		{314CDCA6-4E65-4D7C-8EC9-9F2FFC14ACFA}.Release|x64.ActiveCfg = Release|x64
		{314CDCA6-4E65-4D7C-8EC9-9F2FFC14ACFA}.Release|x64.Build.0 = Release|x64
		{314CDCA6-4E65-4D7C-8EC9-9F2FFC14ACFA}.Release|x86.ActiveCfg = Release|Win32
		{314CDCA6-4E65-4D7C-8EC9-9F2FFC14ACFA}.Release|x86.Build.0 = Release|Win32
	EndGlobalSection
	GlobalSection(SolutionProperties) = preSolution
		HideSolutionNode = FALSE
	EndGlobalSection
	GlobalSection(ExtensibilityGlobals) = postSolution
		SolutionGuid = {94C594B4-A429-4864-9A8C-3AE4D2DF52D9}
	EndGlobalSection
EndGlobal
