
Microsoft Visual Studio Solution File, Format Version 12.00
# Visual Studio Version 17
VisualStudioVersion = 17.4.33213.308
MinimumVisualStudioVersion = 10.0.40219.1
Project("{8BC9CEB8-8B4A-11D0-8D11-00A0C91BC942}") = "ObjectPool_Multi", "ObjectPool_Multi\ObjectPool_Multi.vcxproj", "{AA4AE59C-2ED2-48EA-B1AB-A0718D544CFB}"
EndProject
Global
	GlobalSection(SolutionConfigurationPlatforms) = preSolution
		Debug|x64 = Debug|x64
		Debug|x86 = Debug|x86
		Release|x64 = Release|x64
		Release|x86 = Release|x86
	EndGlobalSection
	GlobalSection(ProjectConfigurationPlatforms) = postSolution
		{AA4AE59C-2ED2-48EA-B1AB-A0718D544CFB}.Debug|x64.ActiveCfg = Debug|x64
		{AA4AE59C-2ED2-48EA-B1AB-A0718D544CFB}.Debug|x64.Build.0 = Debug|x64
		{AA4AE59C-2ED2-48EA-B1AB-A0718D544CFB}.Debug|x86.ActiveCfg = Debug|Win32
		{AA4AE59C-2ED2-48EA-B1AB-A0718D544CFB}.Debug|x86.Build.0 = Debug|Win32
		{AA4AE59C-2ED2-48EA-B1AB-A0718D544CFB}.Release|x64.ActiveCfg = Release|x64
		{AA4AE59C-2ED2-48EA-B1AB-A0718D544CFB}.Release|x64.Build.0 = Release|x64
		{AA4AE59C-2ED2-48EA-B1AB-A0718D544CFB}.Release|x86.ActiveCfg = Release|Win32
		{AA4AE59C-2ED2-48EA-B1AB-A0718D544CFB}.Release|x86.Build.0 = Release|Win32
	EndGlobalSection
	GlobalSection(SolutionProperties) = preSolution
		HideSolutionNode = FALSE
	EndGlobalSection
	GlobalSection(ExtensibilityGlobals) = postSolution
		SolutionGuid = {1742219C-335F-4DE6-A6A3-C3C77C63B0C7}
	EndGlobalSection
EndGlobal
