<?xml version="1.0" encoding="utf-8"?>
<Project ToolsVersion="4.0" xmlns="http://schemas.microsoft.com/developer/msbuild/2003">
  <ItemGroup>
    <Filter Include="리소스 파일">
      <UniqueIdentifier>{67DA6AB6-F800-4c08-8B7A-83BB121AAD01}</UniqueIdentifier>
      <Extensions>rc;ico;cur;bmp;dlg;rc2;rct;bin;rgs;gif;jpg;jpeg;jpe;resx;tiff;tif;png;wav;mfcribbon-ms</Extensions>
    </Filter>
    <Filter Include="NetLib">
      <UniqueIdentifier>{6a4819df-15e8-4426-8c65-f5c3e8f0bfbb}</UniqueIdentifier>
    </Filter>
    <Filter Include="GameServer">
      <UniqueIdentifier>{a7efce97-c29b-445f-8c74-0d31551dbabc}</UniqueIdentifier>
    </Filter>
    <Filter Include="GameServer\DebugTool">
      <UniqueIdentifier>{0e72d55e-c43f-402c-b33b-cb6c7ecb435d}</UniqueIdentifier>
    </Filter>
    <Filter Include="GameServer\GameServer">
      <UniqueIdentifier>{1209e54d-6977-4c3e-88f5-f267cdedc3e2}</UniqueIdentifier>
    </Filter>
    <Filter Include="NetLib\Network">
      <UniqueIdentifier>{a183bd8a-00a4-4502-9603-6f6d10ebe283}</UniqueIdentifier>
    </Filter>
  </ItemGroup>
  <ItemGroup>
    <ClCompile Include="Main.cpp">
      <Filter>GameServer</Filter>
    </ClCompile>
    <ClCompile Include="CGameServer.cpp">
      <Filter>GameServer\GameServer</Filter>
    </ClCompile>
    <ClCompile Include="CSystemLog.cpp">
      <Filter>GameServer\DebugTool</Filter>
    </ClCompile>
    <ClCompile Include="CNetServer.cpp">
      <Filter>NetLib\Network</Filter>
    </ClCompile>
  </ItemGroup>
  <ItemGroup>
    <ClInclude Include="CGameServer.h">
      <Filter>GameServer\GameServer</Filter>
    </ClInclude>
    <ClInclude Include="CSystemLog.h">
      <Filter>GameServer\DebugTool</Filter>
    </ClInclude>
    <ClInclude Include="CCrashDump.h">
      <Filter>GameServer\DebugTool</Filter>
    </ClInclude>
    <ClInclude Include="CNetServer.h">
      <Filter>NetLib\Network</Filter>
    </ClInclude>
    <ClInclude Include="Config.h">
      <Filter>NetLib</Filter>
    </ClInclude>
    <ClInclude Include="ErrorCode.h">
      <Filter>NetLib</Filter>
    </ClInclude>
  </ItemGroup>
</Project>