<?xml version="1.0" encoding="utf-8"?>
<Project ToolsVersion="4.0" xmlns="http://schemas.microsoft.com/developer/msbuild/2003">
  <ItemGroup>
    <Filter Include="리소스 파일">
      <UniqueIdentifier>{67DA6AB6-F800-4c08-8B7A-83BB121AAD01}</UniqueIdentifier>
      <Extensions>rc;ico;cur;bmp;dlg;rc2;rct;bin;rgs;gif;jpg;jpeg;jpe;resx;tiff;tif;png;wav;mfcribbon-ms</Extensions>
    </Filter>
    <Filter Include="WindowUtils">
      <UniqueIdentifier>{c745d74c-da22-4157-ae5e-a718c6d54207}</UniqueIdentifier>
    </Filter>
    <Filter Include="Main">
      <UniqueIdentifier>{8688cd72-abeb-451b-b0a1-e4377dd7f490}</UniqueIdentifier>
    </Filter>
    <Filter Include="PathFinder">
      <UniqueIdentifier>{74bde05c-bd9e-44d6-a549-8f30621ee8e1}</UniqueIdentifier>
    </Filter>
    <Filter Include="PathFingindTool">
      <UniqueIdentifier>{c7d0f386-9ae5-4ebb-ab8e-c9c0a6c78eb9}</UniqueIdentifier>
    </Filter>
  </ItemGroup>
  <ItemGroup>
    <ClInclude Include="framework.h">
      <Filter>WindowUtils</Filter>
    </ClInclude>
    <ClInclude Include="Resource.h">
      <Filter>WindowUtils</Filter>
    </ClInclude>
    <ClInclude Include="targetver.h">
      <Filter>WindowUtils</Filter>
    </ClInclude>
    <ClInclude Include="30_PathFindingTool.h">
      <Filter>Main</Filter>
    </ClInclude>
    <ClInclude Include="PathFindingTool.h">
      <Filter>PathFingindTool</Filter>
    </ClInclude>
    <ClInclude Include="Astar.h">
      <Filter>PathFinder</Filter>
    </ClInclude>
    <ClInclude Include="PathFindUtils.h">
      <Filter>PathFingindTool</Filter>
    </ClInclude>
  </ItemGroup>
  <ItemGroup>
    <ResourceCompile Include="30_PathFindingTool.rc">
      <Filter>리소스 파일</Filter>
    </ResourceCompile>
  </ItemGroup>
  <ItemGroup>
    <Image Include="small.ico">
      <Filter>리소스 파일</Filter>
    </Image>
    <Image Include="30_PathFindingTool.ico">
      <Filter>리소스 파일</Filter>
    </Image>
  </ItemGroup>
  <ItemGroup>
    <ClCompile Include="30_PathFindingTool.cpp">
      <Filter>Main</Filter>
    </ClCompile>
    <ClCompile Include="PathFindingTool.cpp">
      <Filter>PathFingindTool</Filter>
    </ClCompile>
    <ClCompile Include="Astar.cpp">
      <Filter>PathFinder</Filter>
    </ClCompile>
    <ClCompile Include="PathFindUtils.cpp">
      <Filter>PathFingindTool</Filter>
    </ClCompile>
  </ItemGroup>
</Project>