<?xml version="1.0" encoding="utf-8"?>
<Project ToolsVersion="4.0" xmlns="http://schemas.microsoft.com/developer/msbuild/2003">
  <ItemGroup>
    <Filter Include="리소스 파일">
      <UniqueIdentifier>{67DA6AB6-F800-4c08-8B7A-83BB121AAD01}</UniqueIdentifier>
      <Extensions>rc;ico;cur;bmp;dlg;rc2;rct;bin;rgs;gif;jpg;jpeg;jpe;resx;tiff;tif;png;wav;mfcribbon-ms</Extensions>
    </Filter>
    <Filter Include="Profiler">
      <UniqueIdentifier>{dd239c65-9a9f-47da-bbda-ae5d6dd428ba}</UniqueIdentifier>
    </Filter>
    <Filter Include="Main">
      <UniqueIdentifier>{cf2b9971-dc7e-4e1d-96e3-b5056c569e7b}</UniqueIdentifier>
    </Filter>
    <Filter Include="ObjectPool">
      <UniqueIdentifier>{6b12d863-421f-45d6-89e6-e14345226c20}</UniqueIdentifier>
    </Filter>
  </ItemGroup>
  <ItemGroup>
    <ClCompile Include="CProfiler.cpp">
      <Filter>Profiler</Filter>
    </ClCompile>
    <ClCompile Include="Main.cpp">
      <Filter>Main</Filter>
    </ClCompile>
  </ItemGroup>
  <ItemGroup>
    <ClInclude Include="CProfiler.h">
      <Filter>Profiler</Filter>
    </ClInclude>
    <ClInclude Include="CLockFreePool.h">
      <Filter>ObjectPool</Filter>
    </ClInclude>
    <ClInclude Include="CObjectPool.h">
      <Filter>ObjectPool</Filter>
    </ClInclude>
    <ClInclude Include="CTlsObjectPool.h">
      <Filter>ObjectPool</Filter>
    </ClInclude>
  </ItemGroup>
</Project>